
Microsoft Visual Studio Solution File, Format Version 12.00
# Visual Studio Version 17
VisualStudioVersion = 17.5.33502.453
MinimumVisualStudioVersion = 10.0.40219.1
Project("{9A19103F-16F7-4668-BE54-9A1E7A4F7556}") = "BanQuanAo.API", "BanQuanAo.API\BanQuanAo.API.csproj", "{9B9335F7-0A3E-4F89-B870-A9055F9DE53E}"
EndProject
Project("{9A19103F-16F7-4668-BE54-9A1E7A4F7556}") = "BanQuanAo.Client", "BanQuanAo.Client\BanQuanAo.Client.csproj", "{D1B3499C-6A08-4AD7-A0B0-AB0903370B63}"
EndProject
Project("{9A19103F-16F7-4668-BE54-9A1E7A4F7556}") = "BanQuanAo.Share", "BanQuanAo.Share\BanQuanAo.Share.csproj", "{88818DD8-0D1E-4A5C-BC78-738406820B3F}"
EndProject
Global
	GlobalSection(SolutionConfigurationPlatforms) = preSolution
		Debug|Any CPU = Debug|Any CPU
		Release|Any CPU = Release|Any CPU
	EndGlobalSection
	GlobalSection(ProjectConfigurationPlatforms) = postSolution
		{9B9335F7-0A3E-4F89-B870-A9055F9DE53E}.Debug|Any CPU.ActiveCfg = Debug|Any CPU
		{9B9335F7-0A3E-4F89-B870-A9055F9DE53E}.Debug|Any CPU.Build.0 = Debug|Any CPU
		{9B9335F7-0A3E-4F89-B870-A9055F9DE53E}.Release|Any CPU.ActiveCfg = Release|Any CPU
		{9B9335F7-0A3E-4F89-B870-A9055F9DE53E}.Release|Any CPU.Build.0 = Release|Any CPU
		{D1B3499C-6A08-4AD7-A0B0-AB0903370B63}.Debug|Any CPU.ActiveCfg = Debug|Any CPU
		{D1B3499C-6A08-4AD7-A0B0-AB0903370B63}.Debug|Any CPU.Build.0 = Debug|Any CPU
		{D1B3499C-6A08-4AD7-A0B0-AB0903370B63}.Release|Any CPU.ActiveCfg = Release|Any CPU
		{D1B3499C-6A08-4AD7-A0B0-AB0903370B63}.Release|Any CPU.Build.0 = Release|Any CPU
		{88818DD8-0D1E-4A5C-BC78-738406820B3F}.Debug|Any CPU.ActiveCfg = Debug|Any CPU
		{88818DD8-0D1E-4A5C-BC78-738406820B3F}.Debug|Any CPU.Build.0 = Debug|Any CPU
		{88818DD8-0D1E-4A5C-BC78-738406820B3F}.Release|Any CPU.ActiveCfg = Release|Any CPU
		{88818DD8-0D1E-4A5C-BC78-738406820B3F}.Release|Any CPU.Build.0 = Release|Any CPU
	EndGlobalSection
	GlobalSection(SolutionProperties) = preSolution
		HideSolutionNode = FALSE
	EndGlobalSection
	GlobalSection(ExtensibilityGlobals) = postSolution
		SolutionGuid = {A3AC6A6F-599D-4963-8CA8-46272DF3D424}
	EndGlobalSection
EndGlobal
