
Microsoft Visual Studio Solution File, Format Version 12.00
# Visual Studio Version 17
VisualStudioVersion = 17.9.34902.65
MinimumVisualStudioVersion = 10.0.40219.1
Project("{FAE04EC0-301F-11D3-BF4B-00C04F79EFBC}") = "Website ban quan ao", "Website ban quan ao\Website ban quan ao.csproj", "{ABCEA52C-4D96-48E0-A2B4-9428AFC4061C}"
EndProject
Global
	GlobalSection(SolutionConfigurationPlatforms) = preSolution
		Debug|Any CPU = Debug|Any CPU
		Release|Any CPU = Release|Any CPU
	EndGlobalSection
	GlobalSection(ProjectConfigurationPlatforms) = postSolution
		{ABCEA52C-4D96-48E0-A2B4-9428AFC4061C}.Debug|Any CPU.ActiveCfg = Debug|Any CPU
		{ABCEA52C-4D96-48E0-A2B4-9428AFC4061C}.Debug|Any CPU.Build.0 = Debug|Any CPU
		{ABCEA52C-4D96-48E0-A2B4-9428AFC4061C}.Release|Any CPU.ActiveCfg = Release|Any CPU
		{ABCEA52C-4D96-48E0-A2B4-9428AFC4061C}.Release|Any CPU.Build.0 = Release|Any CPU
	EndGlobalSection
	GlobalSection(SolutionProperties) = preSolution
		HideSolutionNode = FALSE
	EndGlobalSection
	GlobalSection(ExtensibilityGlobals) = postSolution
		SolutionGuid = {F10FC2F6-8021-418D-AC4D-D4CBBBF93D8D}
	EndGlobalSection
EndGlobal
